// !$*UTF8*$!
{
	archiveVersion = 1;
	classes = {
	};
	objectVersion = 48;
	objects = {

/* Begin PBXBuildFile section */
		8409CF03201EFB2B00D4C721 /* AppDelegate.swift in Sources */ = {isa = PBXBuildFile; fileRef = 8409CF02201EFB2B00D4C721 /* AppDelegate.swift */; };
		8409CF05201EFB2B00D4C721 /* ViewController.swift in Sources */ = {isa = PBXBuildFile; fileRef = 8409CF04201EFB2B00D4C721 /* ViewController.swift */; };
		8409CF08201EFB2B00D4C721 /* Main.storyboard in Resources */ = {isa = PBXBuildFile; fileRef = 8409CF06201EFB2B00D4C721 /* Main.storyboard */; };
		8409CF0A201EFB2B00D4C721 /* Assets.xcassets in Resources */ = {isa = PBXBuildFile; fileRef = 8409CF09201EFB2B00D4C721 /* Assets.xcassets */; };
		8409CF0D201EFB2B00D4C721 /* LaunchScreen.storyboard in Resources */ = {isa = PBXBuildFile; fileRef = 8409CF0B201EFB2B00D4C721 /* LaunchScreen.storyboard */; };
/* End PBXBuildFile section */

/* Begin PBXFileReference section */
		8409CEFF201EFB2B00D4C721 /* HelloWorldWeatherApp.app */ = {isa = PBXFileReference; explicitFileType = wrapper.application; includeInIndex = 0; path = HelloWorldWeatherApp.app; sourceTree = BUILT_PRODUCTS_DIR; };
		8409CF02201EFB2B00D4C721 /* AppDelegate.swift */ = {isa = PBXFileReference; lastKnownFileType = sourcecode.swift; path = AppDelegate.swift; sourceTree = "<group>"; };
		8409CF04201EFB2B00D4C721 /* ViewController.swift */ = {isa = PBXFileReference; lastKnownFileType = sourcecode.swift; path = ViewController.swift; sourceTree = "<group>"; };
		8409CF07201EFB2B00D4C721 /* Base */ = {isa = PBXFileReference; lastKnownFileType = file.storyboard; name = Base; path = Base.lproj/Main.storyboard; sourceTree = "<group>"; };
		8409CF09201EFB2B00D4C721 /* Assets.xcassets */ = {isa = PBXFileReference; lastKnownFileType = folder.assetcatalog; path = Assets.xcassets; sourceTree = "<group>"; };
		8409CF0C201EFB2B00D4C721 /* Base */ = {isa = PBXFileReference; lastKnownFileType = file.storyboard; name = Base; path = Base.lproj/LaunchScreen.storyboard; sourceTree = "<group>"; };
		8409CF0E201EFB2B00D4C721 /* Info.plist */ = {isa = PBXFileReference; lastKnownFileType = text.plist.xml; path = Info.plist; sourceTree = "<group>"; };
/* End PBXFileReference section */

/* Begin PBXFrameworksBuildPhase section */
		8409CEFC201EFB2B00D4C721 /* Frameworks */ = {
			isa = PBXFrameworksBuildPhase;
			buildActionMask = 2147483647;
			files = (
			);
			runOnlyForDeploymentPostprocessing = 0;
		};
/* End PBXFrameworksBuildPhase section */

/* Begin PBXGroup section */
		8409CEF6201EFB2A00D4C721 = {
			isa = PBXGroup;
			children = (
				8409CF01201EFB2B00D4C721 /* HelloWorldWeatherApp */,
				8409CF00201EFB2B00D4C721 /* Products */,
			);
			sourceTree = "<group>";
		};
		8409CF00201EFB2B00D4C721 /* Products */ = {
			isa = PBXGroup;
			children = (
				8409CEFF201EFB2B00D4C721 /* HelloWorldWeatherApp.app */,
			);
			name = Products;
			sourceTree = "<group>";
		};
		8409CF01201EFB2B00D4C721 /* HelloWorldWeatherApp */ = {
			isa = PBXGroup;
			children = (
				8409CF02201EFB2B00D4C721 /* AppDelegate.swift */,
				8409CF04201EFB2B00D4C721 /* ViewController.swift */,
				8409CF06201EFB2B00D4C721 /* Main.storyboard */,
				8409CF09201EFB2B00D4C721 /* Assets.xcassets */,
				8409CF0B201EFB2B00D4C721 /* LaunchScreen.storyboard */,
				8409CF0E201EFB2B00D4C721 /* Info.plist */,
			);
			path = HelloWorldWeatherApp;
			sourceTree = "<group>";
		};
/* End PBXGroup section */

/* Begin PBXNativeTarget section */
		8409CEFE201EFB2B00D4C721 /* HelloWorldWeatherApp */ = {
			isa = PBXNativeTarget;
			buildConfigurationList = 8409CF11201EFB2B00D4C721 /* Build configuration list for PBXNativeTarget "HelloWorldWeatherApp" */;
			buildPhases = (
				8409CEFB201EFB2B00D4C721 /* Sources */,
				8409CEFC201EFB2B00D4C721 /* Frameworks */,
				8409CEFD201EFB2B00D4C721 /* Resources */,
			);
			buildRules = (
			);
			dependencies = (
			);
			name = HelloWorldWeatherApp;
			productName = HelloWorldWeatherApp;
			productReference = 8409CEFF201EFB2B00D4C721 /* HelloWorldWeatherApp.app */;
			productType = "com.apple.product-type.application";
		};
/* End PBXNativeTarget section */

/* Begin PBXProject section */
		8409CEF7201EFB2A00D4C721 /* Project object */ = {
			isa = PBXProject;
			attributes = {
				LastSwiftUpdateCheck = 0920;
				LastUpgradeCheck = 0920;
				ORGANIZATIONNAME = home;
				TargetAttributes = {
					8409CEFE201EFB2B00D4C721 = {
						CreatedOnToolsVersion = 9.2;
						ProvisioningStyle = Automatic;
					};
				};
			};
			buildConfigurationList = 8409CEFA201EFB2A00D4C721 /* Build configuration list for PBXProject "HelloWorldWeatherApp" */;
			compatibilityVersion = "Xcode 8.0";
			developmentRegion = en;
			hasScannedForEncodings = 0;
			knownRegions = (
				en,
				Base,
			);
			mainGroup = 8409CEF6201EFB2A00D4C721;
			productRefGroup = 8409CF00201EFB2B00D4C721 /* Products */;
			projectDirPath = "";
			projectRoot = "";
			targets = (
				8409CEFE201EFB2B00D4C721 /* HelloWorldWeatherApp */,
			);
		};
/* End PBXProject section */

/* Begin PBXResourcesBuildPhase section */
		8409CEFD201EFB2B00D4C721 /* Resources */ = {
			isa = PBXResourcesBuildPhase;
			buildActionMask = 2147483647;
			files = (
				8409CF0D201EFB2B00D4C721 /* LaunchScreen.storyboard in Resources */,
				8409CF0A201EFB2B00D4C721 /* Assets.xcassets in Resources */,
				8409CF08201EFB2B00D4C721 /* Main.storyboard in Resources */,
			);
			runOnlyForDeploymentPostprocessing = 0;
		};
/* End PBXResourcesBuildPhase section */

/* Begin PBXSourcesBuildPhase section */
		8409CEFB201EFB2B00D4C721 /* Sources */ = {
			isa = PBXSourcesBuildPhase;
			buildActionMask = 2147483647;
			files = (
				8409CF05201EFB2B00D4C721 /* ViewController.swift in Sources */,
				8409CF03201EFB2B00D4C721 /* AppDelegate.swift in Sources */,
			);
			runOnlyForDeploymentPostprocessing = 0;
		};
/* End PBXSourcesBuildPhase section */

/* Begin PBXVariantGroup section */
		8409CF06201EFB2B00D4C721 /* Main.storyboard */ = {
			isa = PBXVariantGroup;
			children = (
				8409CF07201EFB2B00D4C721 /* Base */,
			);
			name = Main.storyboard;
			sourceTree = "<group>";
		};
		8409CF0B201EFB2B00D4C721 /* LaunchScreen.storyboard */ = {
			isa = PBXVariantGroup;
			children = (
				8409CF0C201EFB2B00D4C721 /* Base */,
			);
			name = LaunchScreen.storyboard;
			sourceTree = "<group>";
		};
/* End PBXVariantGroup section */

/* Begin XCBuildConfiguration section */
		8409CF0F201EFB2B00D4C721 /* Debug */ = {
			isa = XCBuildConfiguration;
			buildSettings = {
				ALWAYS_SEARCH_USER_PATHS = NO;
				CLANG_ANALYZER_NONNULL = YES;
				CLANG_ANALYZER_NUMBER_OBJECT_CONVERSION = YES_AGGRESSIVE;
				CLANG_CXX_LANGUAGE_STANDARD = "gnu++14";
				CLANG_CXX_LIBRARY = "libc++";
				CLANG_ENABLE_MODULES = YES;
				CLANG_ENABLE_OBJC_ARC = YES;
				CLANG_WARN_BLOCK_CAPTURE_AUTORELEASING = YES;
				CLANG_WARN_BOOL_CONVERSION = YES;
				CLANG_WARN_COMMA = YES;
				CLANG_WARN_CONSTANT_CONVERSION = YES;
				CLANG_WARN_DIRECT_OBJC_ISA_USAGE = YES_ERROR;
				CLANG_WARN_DOCUMENTATION_COMMENTS = YES;
				CLANG_WARN_EMPTY_BODY = YES;
				CLANG_WARN_ENUM_CONVERSION = YES;
				CLANG_WARN_INFINITE_RECURSION = YES;
				CLANG_WARN_INT_CONVERSION = YES;
				CLANG_WARN_NON_LITERAL_NULL_CONVERSION = YES;
				CLANG_WARN_OBJC_LITERAL_CONVERSION = YES;
				CLANG_WARN_OBJC_ROOT_CLASS = YES_ERROR;
				CLANG_WARN_RANGE_LOOP_ANALYSIS = YES;
				CLANG_WARN_STRICT_PROTOTYPES = YES;
				CLANG_WARN_SUSPICIOUS_MOVE = YES;
				CLANG_WARN_UNGUARDED_AVAILABILITY = YES_AGGRESSIVE;
				CLANG_WARN_UNREACHABLE_CODE = YES;
				CLANG_WARN__DUPLICATE_METHOD_MATCH = YES;
				CODE_SIGN_IDENTITY = "iPhone Developer";
				COPY_PHASE_STRIP = NO;
				DEBUG_INFORMATION_FORMAT = dwarf;
				ENABLE_STRICT_OBJC_MSGSEND = YES;
				ENABLE_TESTABILITY = YES;
				GCC_C_LANGUAGE_STANDARD = gnu11;
				GCC_DYNAMIC_NO_PIC = NO;
				GCC_NO_COMMON_BLOCKS = YES;
				GCC_OPTIMIZATION_LEVEL = 0;
				GCC_PREPROCESSOR_DEFINITIONS = (
					"DEBUG=1",
					"$(inherited)",
				);
				GCC_WARN_64_TO_32_BIT_CONVERSION = YES;
				GCC_WARN_ABOUT_RETURN_TYPE = YES_ERROR;
				GCC_WARN_UNDECLARED_SELECTOR = YES;
				GCC_WARN_UNINITIALIZED_AUTOS = YES_AGGRESSIVE;
				GCC_WARN_UNUSED_FUNCTION = YES;
				GCC_WARN_UNUSED_VARIABLE = YES;
				IPHONEOS_DEPLOYMENT_TARGET = 11.2;
				MTL_ENABLE_DEBUG_INFO = YES;
				ONLY_ACTIVE_ARCH = YES;
				SDKROOT = iphoneos;
				SWIFT_ACTIVE_COMPILATION_CONDITIONS = DEBUG;
				SWIFT_OPTIMIZATION_LEVEL = "-Onone";
			};
			name = Debug;
		};
		8409CF10201EFB2B00D4C721 /* Release */ = {
			isa = XCBuildConfiguration;
			buildSettings = {
				ALWAYS_SEARCH_USER_PATHS = NO;
				CLANG_ANALYZER_NONNULL = YES;
				CLANG_ANALYZER_NUMBER_OBJECT_CONVERSION = YES_AGGRESSIVE;
				CLANG_CXX_LANGUAGE_STANDARD = "gnu++14";
				CLANG_CXX_LIBRARY = "libc++";
				CLANG_ENABLE_MODULES = YES;
				CLANG_ENABLE_OBJC_ARC = YES;
				CLANG_WARN_BLOCK_CAPTURE_AUTORELEASING = YES;
				CLANG_WARN_BOOL_CONVERSION = YES;
				CLANG_WARN_COMMA = YES;
				CLANG_WARN_CONSTANT_CONVERSION = YES;
				CLANG_WARN_DIRECT_OBJC_ISA_USAGE = YES_ERROR;
				CLANG_WARN_DOCUMENTATION_COMMENTS = YES;
				CLANG_WARN_EMPTY_BODY = YES;
				CLANG_WARN_ENUM_CONVERSION = YES;
				CLANG_WARN_INFINITE_RECURSION = YES;
				CLANG_WARN_INT_CONVERSION = YES;
				CLANG_WARN_NON_LITERAL_NULL_CONVERSION = YES;
				CLANG_WARN_OBJC_LITERAL_CONVERSION = YES;
				CLANG_WARN_OBJC_ROOT_CLASS = YES_ERROR;
				CLANG_WARN_RANGE_LOOP_ANALYSIS = YES;
				CLANG_WARN_STRICT_PROTOTYPES = YES;
				CLANG_WARN_SUSPICIOUS_MOVE = YES;
				CLANG_WARN_UNGUARDED_AVAILABILITY = YES_AGGRESSIVE;
				CLANG_WARN_UNREACHABLE_CODE = YES;
				CLANG_WARN__DUPLICATE_METHOD_MATCH = YES;
				CODE_SIGN_IDENTITY = "iPhone Developer";
				COPY_PHASE_STRIP = NO;
				DEBUG_INFORMATION_FORMAT = "dwarf-with-dsym";
				ENABLE_NS_ASSERTIONS = NO;
				ENABLE_STRICT_OBJC_MSGSEND = YES;
				GCC_C_LANGUAGE_STANDARD = gnu11;
				GCC_NO_COMMON_BLOCKS = YES;
				GCC_WARN_64_TO_32_BIT_CONVERSION = YES;
				GCC_WARN_ABOUT_RETURN_TYPE = YES_ERROR;
				GCC_WARN_UNDECLARED_SELECTOR = YES;
				GCC_WARN_UNINITIALIZED_AUTOS = YES_AGGRESSIVE;
				GCC_WARN_UNUSED_FUNCTION = YES;
				GCC_WARN_UNUSED_VARIABLE = YES;
				IPHONEOS_DEPLOYMENT_TARGET = 11.2;
				MTL_ENABLE_DEBUG_INFO = NO;
				SDKROOT = iphoneos;
				SWIFT_OPTIMIZATION_LEVEL = "-Owholemodule";
				VALIDATE_PRODUCT = YES;
			};
			name = Release;
		};
		8409CF12201EFB2B00D4C721 /* Debug */ = {
			isa = XCBuildConfiguration;
			buildSettings = {
				ASSETCATALOG_COMPILER_APPICON_NAME = AppIcon;
				CODE_SIGN_STYLE = Automatic;
				INFOPLIST_FILE = HelloWorldWeatherApp/Info.plist;
				LD_RUNPATH_SEARCH_PATHS = "$(inherited) @executable_path/Frameworks";
				PRODUCT_BUNDLE_IDENTIFIER = com.vasilyevanton.HelloWorldWeatherApp;
				PRODUCT_NAME = "$(TARGET_NAME)";
				SWIFT_VERSION = 4.0;
				TARGETED_DEVICE_FAMILY = "1,2";
			};
			name = Debug;
		};
		8409CF13201EFB2B00D4C721 /* Release */ = {
			isa = XCBuildConfiguration;
			buildSettings = {
				ASSETCATALOG_COMPILER_APPICON_NAME = AppIcon;
				CODE_SIGN_STYLE = Automatic;
				INFOPLIST_FILE = HelloWorldWeatherApp/Info.plist;
				LD_RUNPATH_SEARCH_PATHS = "$(inherited) @executable_path/Frameworks";
				PRODUCT_BUNDLE_IDENTIFIER = com.vasilyevanton.HelloWorldWeatherApp;
				PRODUCT_NAME = "$(TARGET_NAME)";
				SWIFT_VERSION = 4.0;
				TARGETED_DEVICE_FAMILY = "1,2";
			};
			name = Release;
		};
/* End XCBuildConfiguration section */

/* Begin XCConfigurationList section */
		8409CEFA201EFB2A00D4C721 /* Build configuration list for PBXProject "HelloWorldWeatherApp" */ = {
			isa = XCConfigurationList;
			buildConfigurations = (
				8409CF0F201EFB2B00D4C721 /* Debug */,
				8409CF10201EFB2B00D4C721 /* Release */,
			);
			defaultConfigurationIsVisible = 0;
			defaultConfigurationName = Release;
		};
		8409CF11201EFB2B00D4C721 /* Build configuration list for PBXNativeTarget "HelloWorldWeatherApp" */ = {
			isa = XCConfigurationList;
			buildConfigurations = (
				8409CF12201EFB2B00D4C721 /* Debug */,
				8409CF13201EFB2B00D4C721 /* Release */,
			);
			defaultConfigurationIsVisible = 0;
			defaultConfigurationName = Release;
		};
/* End XCConfigurationList section */
	};
	rootObject = 8409CEF7201EFB2A00D4C721 /* Project object */;
}
